github.com/armon/go-proxyproto v0.0.0-20210323213023-7e956b284f0a/go.mod h1:QmP9hvJ91BbJmGVGSbutW19IC0Q9phDCLGaomwTJbgU=
inet.af/tcpproxy v0.0.0-20221017015627-91f861402626 h1:2dMP3Ox/Wh5BiItwOt4jxRsfzkgyBrHzx2nW28Yg6nc=
inet.af/tcpproxy v0.0.0-20221017015627-91f861402626/go.mod h1:Tojt5kmHpDIR2jMojxzZK2w2ZR7OILODmUo2gaSwjrk=
